github.com/Masterminds/semver/v3 v3.1.1 h1:hLg3sBzpNErnxhQtUy/mmLR2I9foDujNK030IGemrRc=
github.com/Masterminds/semver/v3 v3.1.1/go.mod h1:VPu/7SZ7ePZ3QOrcuXROw5FAcLl4a0cBrbBpGY/8hQs=
github.com/ajg/form v1.5.2-0.20200323032839-9aeb3cf462e1 h1:8Qzi+0Uch1VJvdrOhJ8U8FqoPLbUdETPgMqGJ6DSMSQ=
github.com/ajg/form v1.5.2-0.20200323032839-9aeb3cf462e1/go.mod h1:uL1WgH+h2mgNtvBq0339dVnzXdBETtL2LeUXaIv25UY=
github.com/aws/aws-cdk-go/awscdk/v2 v2.29.1 h1:OVlD924ncu8lMWt8jQsTktzcrwFTjleqeaUdg8Gp9M0=
github.com/aws/aws-cdk-go/awscdk/v2 v2.29.1/go.mod h1:EY8h/zcTgdfcg4YCjraAvbKnT8YWplL8mLQutTnIj+M=
github.com/aws/aws-lambda-go v1.38.0 h1:4CUdxGzvuQp0o8Zh7KtupB9XvCiiY8yKqJtzco+gsDw=
github.com/aws/aws-lambda-go v1.38.0/go.mod h1:jwFe2KmMsHmffA1X2R09hH6lFzJQxzI8qK17ewzbQMM=
github.com/aws/constructs-go/constructs/v10 v10.1.33/go.mod h1:qbIG6z4lreP1aYvcZjAGx6fGTSAZtDdeo5p8XPWbMb0=
github.com/aws/constructs-go/constructs/v10 v10.1.43 h1:3cUr7zHzund4vwCLsnwludODa+SCF9L+QXzke+ltYzs=
github.com/aws/constructs-go/constructs/v10 v10.1.43/go.mod h1:bzi/H67zKyeYqPtYwukrmY4fqIvNOE9Ts9QsnXaahiM=
github.com/aws/jsii-runtime-go v1.60.0/go.mod h1:OPeobFzUctDjq8EXbRZbIphpzQg3lzMs8KH09xuHyk0=
github.com/aws/jsii-runtime-go v1.60.1/go.mod h1:OPeobFzUctDjq8EXbRZbIphpzQg3lzMs8KH09xuHyk0=
github.com/aws/jsii-runtime-go v1.61.0 h1:mK3dLs+KYSsFL8tx3/WbZ3Mi9xT+M4l8C41J7YBr9/4=
github.com/aws/jsii-runtime-go v1.61.0/go.mod h1:YUEgRT35HJwwzAHWLnjekEXHfyxNaEKESsU8XUlVeCs=
github.com/davecgh/go-spew v1.1.0/go.mod h1:J7Y8YcW2NihsgmVo/mv3lAwl/skON4iLHjSsI+c5H38=
github.com/davecgh/go-spew v1.1.1 h1:vj9j/u1bqnvCEfJOwUhtlOARqs3+rkHYY13jYWTU97c=
github.com/davecgh/go-spew v1.1.1/go.mod h1:J7Y8YcW2NihsgmVo/mv3lAwl/skON4iLHjSsI+c5H38=
github.com/fogfish/golem v0.9.2 h1:tESSlzo+wih7fLfLFFegKOU8l45Ew9A8a9JU84rGtGY=
github.com/fogfish/golem v0.9.2/go.mod h1:lj7cttUvvjAE4KZU4RzHHw0o2pYozkPqat5ff38u71c=
github.com/fogfish/gouldian/v2 v2.0.0 h1:lr5PSrYOuQ08eEs1fu27jDgO/PKG04opPJqHyT03Y2A=
github.com/fogfish/gouldian/v2 v2.0.0/go.mod h1:KhyH+kMo3ez3lHHJNr4ccR6pGyUXCO5ak5oFYeOZDPo=
github.com/fogfish/guid v1.1.0 h1:C2dk990rZ+irgUxTISYPlxuyNs323beVo0s4TzdYjzM=
github.com/fogfish/guid v1.1.0/go.mod h1:+3wibLVsVGR+Vmfh2ufihadFcUKnD67cXG1QnOAyiag=
github.com/fogfish/gurl/v2 v2.2.0 h1:5ZNmGWvDpZNyJsM797Ok2ADMVNSRLjw+G7tE2ZqIMNc=
github.com/fogfish/gurl/v2 v2.2.0/go.mod h1:jje00rRd/z7Ac5QYKk5FfGsMTVCO1XPB6uyqYafUUk0=
github.com/fogfish/it v0.9.1 h1:Pu+qgqBV2ilZDzZzPIbUIhMIkdpHgbGUsdEwVQvBxNQ=
github.com/fogfish/it v0.9.1/go.mod h1:NQJG4Ygvek85y7zGj0Gny8+6ygAnHjfBORhI7TdQhp4=
github.com/fogfish/it/v2 v2.0.1 h1:vu3kV2xzYDPHoMHMABxXeu5CoMcTfRc4gkWkzOUkRJY=
github.com/fogfish/logger v1.1.0 h1:IZncrh4+Q7yyngcIq8lBr2VwcYE2huXcgCPKcT+zPOY=
github.com/fogfish/logger v1.1.0/go.mod h1:o9Url3zZMjg87bOJKZTdWIX3aRmClY+3Ld97Jc2Podg=
github.com/fogfish/scud v0.4.16 h1:P6JbfIk+nxXx6FIDTWJlDkACcYrP3U29iLHL8o8X9ws=
github.com/fogfish/scud v0.4.16/go.mod h1:3wIpV7GZvc58lkLngiGJThZ/a4L04baFuWBqf9Q4xFY=
github.com/pmezard/go-difflib v1.0.0 h1:4DBwDE0NGyQoBHbLQYPwSUPoCMWR5BEzIk/f1lZbAQM=
github.com/pmezard/go-difflib v1.0.0/go.mod h1:iKH77koFhYxTK1pcRnkKkqfTogsbg7gZNVY4sRDYZ/4=
github.com/stretchr/objx v0.1.0/go.mod h1:HFkY916IF+rwdDfMAkV7OtwuqBVzrE8GR6GFx+wExME=
github.com/stretchr/testify v1.7.1/go.mod h1:6Fq8oRcR53rry900zMqJjRRixrwX3KX962/h/Wwjteg=
github.com/stretchr/testify v1.7.2 h1:4jaiDzPyXQvSd7D0EjG45355tLlV3VOECpq10pLC+8s=
github.com/stretchr/testify v1.7.2/go.mod h1:R6va5+xMeoiuVRoj+gSkQ7d3FALtqAAGI1FQKckRals=
golang.org/x/net v0.7.0 h1:rJrUqqhjsgNp7KqAIc25s9pZnjU7TUcSY7HcVZjdn1g=
golang.org/x/net v0.7.0/go.mod h1:2Tu9+aMcznHK/AK1HMvgo6xiTLG5rD5rZLDS+rp2Bjs=
gopkg.in/check.v1 v0.0.0-20161208181325-20d25e280405/go.mod h1:Co6ibVJAznAaIkqp8huTwlJQCZ016jof/cbN4VW5Yz0=
gopkg.in/yaml.v3 v3.0.0-20200313102051-9f266ea9e77c/go.mod h1:K4uyk7z7BCEPqu6E+C64Yfv1cQ7kz7rIZviUmN+EgEM=
gopkg.in/yaml.v3 v3.0.0-20210107192922-496545a6307b/go.mod h1:K4uyk7z7BCEPqu6E+C64Yfv1cQ7kz7rIZviUmN+EgEM=
gopkg.in/yaml.v3 v3.0.1 h1:fxVm/GzAzEWqLHuvctI91KS9hhNmmWOoWu0XTYJS7CA=
gopkg.in/yaml.v3 v3.0.1/go.mod h1:K4uyk7z7BCEPqu6E+C64Yfv1cQ7kz7rIZviUmN+EgEM=
