github.com/Masterminds/semver/v3 v3.1.1 h1:hLg3sBzpNErnxhQtUy/mmLR2I9foDujNK030IGemrRc=
github.com/Masterminds/semver/v3 v3.1.1/go.mod h1:VPu/7SZ7ePZ3QOrcuXROw5FAcLl4a0cBrbBpGY/8hQs=
github.com/ajg/form v1.5.2-0.20200323032839-9aeb3cf462e1 h1:8Qzi+0Uch1VJvdrOhJ8U8FqoPLbUdETPgMqGJ6DSMSQ=
github.com/ajg/form v1.5.2-0.20200323032839-9aeb3cf462e1/go.mod h1:uL1WgH+h2mgNtvBq0339dVnzXdBETtL2LeUXaIv25UY=
github.com/aws/aws-cdk-go/awscdk/v2 v2.29.1 h1:OVlD924ncu8lMWt8jQsTktzcrwFTjleqeaUdg8Gp9M0=
github.com/aws/aws-cdk-go/awscdk/v2 v2.29.1/go.mod h1:EY8h/zcTgdfcg4YCjraAvbKnT8YWplL8mLQutTnIj+M=
github.com/aws/aws-lambda-go v1.32.1 h1:ls0FU8Mt7ayJszb945zFkUfzxhkQTli8mpJstVcDtCY=
github.com/aws/aws-lambda-go v1.32.1/go.mod h1:jwFe2KmMsHmffA1X2R09hH6lFzJQxzI8qK17ewzbQMM=
github.com/aws/constructs-go/constructs/v10 v10.1.33/go.mod h1:qbIG6z4lreP1aYvcZjAGx6fGTSAZtDdeo5p8XPWbMb0=
github.com/aws/constructs-go/constructs/v10 v10.1.43 h1:3cUr7zHzund4vwCLsnwludODa+SCF9L+QXzke+ltYzs=
github.com/aws/constructs-go/constructs/v10 v10.1.43/go.mod h1:bzi/H67zKyeYqPtYwukrmY4fqIvNOE9Ts9QsnXaahiM=
github.com/aws/jsii-runtime-go v1.60.0/go.mod h1:OPeobFzUctDjq8EXbRZbIphpzQg3lzMs8KH09xuHyk0=
github.com/aws/jsii-runtime-go v1.60.1/go.mod h1:OPeobFzUctDjq8EXbRZbIphpzQg3lzMs8KH09xuHyk0=
github.com/aws/jsii-runtime-go v1.61.0 h1:mK3dLs+KYSsFL8tx3/WbZ3Mi9xT+M4l8C41J7YBr9/4=
github.com/aws/jsii-runtime-go v1.61.0/go.mod h1:YUEgRT35HJwwzAHWLnjekEXHfyxNaEKESsU8XUlVeCs=
github.com/davecgh/go-spew v1.1.0/go.mod h1:J7Y8YcW2NihsgmVo/mv3lAwl/skON4iLHjSsI+c5H38=
github.com/davecgh/go-spew v1.1.1 h1:vj9j/u1bqnvCEfJOwUhtlOARqs3+rkHYY13jYWTU97c=
github.com/davecgh/go-spew v1.1.1/go.mod h1:J7Y8YcW2NihsgmVo/mv3lAwl/skON4iLHjSsI+c5H38=
github.com/fogfish/golem v0.8.5 h1:ILBc28VTz2H2k18xC+1dbhrk4Y9iBCxN1o2iG8lEoBA=
github.com/fogfish/golem v0.8.5/go.mod h1:cQDsAMsur65kwXT/X1FcGRHrQaaQ+5WA87aWjm4Fnuk=
github.com/fogfish/gouldian v1.6.0 h1:sKz6fxQOkH3+M40EyqUCh9TEI3bO1N9jZ52QcQraNA8=
github.com/fogfish/gouldian v1.6.0/go.mod h1:sUFLfL7AiG3t4/VddyKVdPVh6DONrdz3BxF66mV3BYs=
github.com/fogfish/guid v1.0.0 h1:Wf19/7IWFAQvuvfJDEc/Jr47OzFm+Mk+zHJnvo6S31k=
github.com/fogfish/guid v1.0.0/go.mod h1:5iZJAJEepH9rXpnNOi+UYIIzjX57yQqMpXF6K/nKEEg=
github.com/fogfish/it v0.9.1 h1:Pu+qgqBV2ilZDzZzPIbUIhMIkdpHgbGUsdEwVQvBxNQ=
github.com/fogfish/it v0.9.1/go.mod h1:NQJG4Ygvek85y7zGj0Gny8+6ygAnHjfBORhI7TdQhp4=
github.com/fogfish/scud v0.4.16 h1:P6JbfIk+nxXx6FIDTWJlDkACcYrP3U29iLHL8o8X9ws=
github.com/fogfish/scud v0.4.16/go.mod h1:3wIpV7GZvc58lkLngiGJThZ/a4L04baFuWBqf9Q4xFY=
github.com/pmezard/go-difflib v1.0.0 h1:4DBwDE0NGyQoBHbLQYPwSUPoCMWR5BEzIk/f1lZbAQM=
github.com/pmezard/go-difflib v1.0.0/go.mod h1:iKH77koFhYxTK1pcRnkKkqfTogsbg7gZNVY4sRDYZ/4=
github.com/stretchr/objx v0.1.0/go.mod h1:HFkY916IF+rwdDfMAkV7OtwuqBVzrE8GR6GFx+wExME=
github.com/stretchr/testify v1.7.1/go.mod h1:6Fq8oRcR53rry900zMqJjRRixrwX3KX962/h/Wwjteg=
github.com/stretchr/testify v1.7.2 h1:4jaiDzPyXQvSd7D0EjG45355tLlV3VOECpq10pLC+8s=
github.com/stretchr/testify v1.7.2/go.mod h1:R6va5+xMeoiuVRoj+gSkQ7d3FALtqAAGI1FQKckRals=
gopkg.in/check.v1 v0.0.0-20161208181325-20d25e280405/go.mod h1:Co6ibVJAznAaIkqp8huTwlJQCZ016jof/cbN4VW5Yz0=
gopkg.in/yaml.v3 v3.0.0-20200313102051-9f266ea9e77c/go.mod h1:K4uyk7z7BCEPqu6E+C64Yfv1cQ7kz7rIZviUmN+EgEM=
gopkg.in/yaml.v3 v3.0.0-20210107192922-496545a6307b/go.mod h1:K4uyk7z7BCEPqu6E+C64Yfv1cQ7kz7rIZviUmN+EgEM=
gopkg.in/yaml.v3 v3.0.1 h1:fxVm/GzAzEWqLHuvctI91KS9hhNmmWOoWu0XTYJS7CA=
gopkg.in/yaml.v3 v3.0.1/go.mod h1:K4uyk7z7BCEPqu6E+C64Yfv1cQ7kz7rIZviUmN+EgEM=
